
Microsoft Visual Studio Solution File, Format Version 12.00
# Visual Studio Version 16
VisualStudioVersion = 16.0.31005.135
MinimumVisualStudioVersion = 10.0.40219.1
Project("{FAE04EC0-301F-11D3-BF4B-00C04F79EFBC}") = "QuickSort_formas", "QuickSort_formas\QuickSort_formas.csproj", "{03DBA00D-DA34-4E35-B4BF-DF7DAC442653}"
EndProject
Global
	GlobalSection(SolutionConfigurationPlatforms) = preSolution
		Debug|Any CPU = Debug|Any CPU
		Release|Any CPU = Release|Any CPU
	EndGlobalSection
	GlobalSection(ProjectConfigurationPlatforms) = postSolution
		{03DBA00D-DA34-4E35-B4BF-DF7DAC442653}.Debug|Any CPU.ActiveCfg = Debug|Any CPU
		{03DBA00D-DA34-4E35-B4BF-DF7DAC442653}.Debug|Any CPU.Build.0 = Debug|Any CPU
		{03DBA00D-DA34-4E35-B4BF-DF7DAC442653}.Release|Any CPU.ActiveCfg = Release|Any CPU
		{03DBA00D-DA34-4E35-B4BF-DF7DAC442653}.Release|Any CPU.Build.0 = Release|Any CPU
	EndGlobalSection
	GlobalSection(SolutionProperties) = preSolution
		HideSolutionNode = FALSE
	EndGlobalSection
	GlobalSection(ExtensibilityGlobals) = postSolution
		SolutionGuid = {CD666883-BBA6-4FD2-9ADE-51AFABB2D0FE}
	EndGlobalSection
EndGlobal
