
Microsoft Visual Studio Solution File, Format Version 12.00
# Visual Studio Version 16
VisualStudioVersion = 16.0.31025.194
MinimumVisualStudioVersion = 10.0.40219.1
Project("{FAE04EC0-301F-11D3-BF4B-00C04F79EFBC}") = "EjemploQS", "EjemploQS\EjemploQS.csproj", "{446676DA-AEC7-4A53-9F50-0445F6234C38}"
EndProject
Global
	GlobalSection(SolutionConfigurationPlatforms) = preSolution
		Debug|Any CPU = Debug|Any CPU
		Release|Any CPU = Release|Any CPU
	EndGlobalSection
	GlobalSection(ProjectConfigurationPlatforms) = postSolution
		{446676DA-AEC7-4A53-9F50-0445F6234C38}.Debug|Any CPU.ActiveCfg = Debug|Any CPU
		{446676DA-AEC7-4A53-9F50-0445F6234C38}.Debug|Any CPU.Build.0 = Debug|Any CPU
		{446676DA-AEC7-4A53-9F50-0445F6234C38}.Release|Any CPU.ActiveCfg = Release|Any CPU
		{446676DA-AEC7-4A53-9F50-0445F6234C38}.Release|Any CPU.Build.0 = Release|Any CPU
	EndGlobalSection
	GlobalSection(SolutionProperties) = preSolution
		HideSolutionNode = FALSE
	EndGlobalSection
	GlobalSection(ExtensibilityGlobals) = postSolution
		SolutionGuid = {1F31DBCE-8FD5-4B11-B59A-9AB4DF3CBD00}
	EndGlobalSection
EndGlobal
